
Microsoft Visual Studio Solution File, Format Version 12.00
# Visual Studio Version 17
VisualStudioVersion = 17.2.32616.157
MinimumVisualStudioVersion = 10.0.40219.1
Project("{FAE04EC0-301F-11D3-BF4B-00C04F79EFBC}") = "ucgen", "ucgen\ucgen.csproj", "{8CF62A5E-BAB7-40B8-8D6B-B385D1898747}"
EndProject
Global
	GlobalSection(SolutionConfigurationPlatforms) = preSolution
		Debug|Any CPU = Debug|Any CPU
		Release|Any CPU = Release|Any CPU
	EndGlobalSection
	GlobalSection(ProjectConfigurationPlatforms) = postSolution
		{8CF62A5E-BAB7-40B8-8D6B-B385D1898747}.Debug|Any CPU.ActiveCfg = Debug|Any CPU
		{8CF62A5E-BAB7-40B8-8D6B-B385D1898747}.Debug|Any CPU.Build.0 = Debug|Any CPU
		{8CF62A5E-BAB7-40B8-8D6B-B385D1898747}.Release|Any CPU.ActiveCfg = Release|Any CPU
		{8CF62A5E-BAB7-40B8-8D6B-B385D1898747}.Release|Any CPU.Build.0 = Release|Any CPU
	EndGlobalSection
	GlobalSection(SolutionProperties) = preSolution
		HideSolutionNode = FALSE
	EndGlobalSection
	GlobalSection(ExtensibilityGlobals) = postSolution
		SolutionGuid = {FDE63E01-D3C5-4F1A-B7DA-90E4AEE555D9}
	EndGlobalSection
EndGlobal
